
Microsoft Visual Studio Solution File, Format Version 12.00
# Visual Studio Version 17
VisualStudioVersion = 17.6.33829.357
MinimumVisualStudioVersion = 10.0.40219.1
Project("{FAE04EC0-301F-11D3-BF4B-00C04F79EFBC}") = "CSharp_HINHTRON1", "CSharp_HINHTRON1.csproj", "{CF334989-B143-4C66-81DC-FBE159E478AE}"
EndProject
Global
	GlobalSection(SolutionConfigurationPlatforms) = preSolution
		Debug|Any CPU = Debug|Any CPU
		Release|Any CPU = Release|Any CPU
	EndGlobalSection
	GlobalSection(ProjectConfigurationPlatforms) = postSolution
		{CF334989-B143-4C66-81DC-FBE159E478AE}.Debug|Any CPU.ActiveCfg = Debug|Any CPU
		{CF334989-B143-4C66-81DC-FBE159E478AE}.Debug|Any CPU.Build.0 = Debug|Any CPU
		{CF334989-B143-4C66-81DC-FBE159E478AE}.Release|Any CPU.ActiveCfg = Release|Any CPU
		{CF334989-B143-4C66-81DC-FBE159E478AE}.Release|Any CPU.Build.0 = Release|Any CPU
	EndGlobalSection
	GlobalSection(SolutionProperties) = preSolution
		HideSolutionNode = FALSE
	EndGlobalSection
	GlobalSection(ExtensibilityGlobals) = postSolution
		SolutionGuid = {22CDC9B2-A067-4929-90B0-1CE97CDA8EF1}
	EndGlobalSection
EndGlobal
